imports:
- name: flywheel.io/fw
  version: f1a7ab77fb3d76f3615964bbf262312791adce55
  repo: https://github.com/flywheel-io/cli
- name: flywheel.io/sdk
  version: aae9aca8d200160a99e4ad05c989ba4131e1f633
  repo: https://github.com/flywheel-io/sdk
  subpackages:
  - api
- name: github.com/dghubble/sling
  version: bbfb8293bd33a6baad33d718aacf66ef73a29f30
- name: github.com/dustin/go-humanize
  version: 259d2a102b871d17f30e3cd9881a642961a1e486
- name: github.com/gillesdemey/go-dicom
  version: 46241acba78ad032197a85d93e12d13bd4b7eaf2
  repo: https://github.com/hkethi002/go-dicom
- name: github.com/google/go-querystring
  version: 53e6ce116135b80d037921a7fdd5138cf32d7a8a
  subpackages:
  - query
- name: github.com/howeyc/gopass
  version: bf9dde6d0d2c004a008c27aaee91170c786f6db8
- name: github.com/segmentio/go-prompt
  version: eb423f47b3338983141e73ddd1a30470287faec5
  repo: https://github.com/kofalt/go-prompt
- name: golang.org/x/crypto
  version: f3241ce8505855877cc8a9717bd61a0f7c4ea83c
  subpackages:
  - ssh/terminal
- name: golang.org/x/sys
  version: 07c182904dbd53199946ba614a412c61d3c548f5
  subpackages:
  - unix
testImports: []
