imports:
- name: flywheel.io/deja
  version: e6a8a622e48a4c7c1362972bc0177f53328091e7
  repo: https://github.com/flywheel-io/deja.git
- name: flywheel.io/sdk
  version: 4cd416e19054588f779d9545ab7ce93b556c4833
  repo: git@github.com:flywheel-io/core-sdk.git
  subpackages:
  - api
- name: github.com/dghubble/sling
  version: 4af638d6d3265b9f740bf6d2665ef20d7abd0103
- name: github.com/dustin/go-humanize
  version: 259d2a102b871d17f30e3cd9881a642961a1e486
- name: github.com/fatih/color
  version: 9131ab34cf20d2f6d83fdc67168a5430d1c7dc23
- name: github.com/go-stack/stack
  version: 100eb0c0a9c5b306ca2fb4f165df21d80ada4b82
- name: github.com/google/go-querystring
  version: 9235644dd9e52eeae6fa48efd539fdc351a0af53
  subpackages:
  - query
- name: github.com/howeyc/gopass
  version: bf9dde6d0d2c004a008c27aaee91170c786f6db8
- name: github.com/inconshreveable/log15
  version: c94d940c446e745bb79de48cde6846cb2247998f
  subpackages:
  - term
- name: github.com/inconshreveable/mousetrap
  version: 76626ae9c91c4f2a10f34cad8ce83ea42c93bb75
- name: github.com/kr/fs
  version: 2788f0dbd16903de03cb8186e5c7d97b69ad387b
- name: github.com/kr/pretty
  version: add1dbc86daf0f983cd4a48ceb39deb95c729b67
- name: github.com/kr/text
  version: 7cafcd837844e784b526369c9bce262804aebc60
- name: github.com/mattn/go-colorable
  version: 5411d3eea5978e6cdc258b30de592b60df6aba96
  repo: https://github.com/mattn/go-colorable
- name: github.com/mattn/go-isatty
  version: 57fdcb988a5c543893cc61bce354a6e24ab70022
  repo: https://github.com/mattn/go-isatty
- name: github.com/mitchellh/go-homedir
  version: b8bc1bf767474819792c23f32d8286a45736f1c6
- name: github.com/mitchellh/mapstructure
  version: d2dd0262208475919e1a362f675cfc0e7c10e905
- name: github.com/pkg/errors
  version: 0bc61eb85b3cab5d83c9432263916d5df58d9855
- name: github.com/pkg/sftp
  version: d4c18e7ffdc496a38de67dde6e29b2f364afc472
- name: github.com/segmentio/go-prompt
  version: f0d19b6901ade831d5a3204edc0d6a7d6457fbb2
- name: github.com/spf13/afero
  version: 1a8ecf8b9da1fb5306e149e83128fc447957d2a8
- name: github.com/spf13/cobra
  version: f62e98d28ab7ad31d707ba837a966378465c7b57
- name: github.com/spf13/pflag
  version: 367864438f1b1a3c7db4da06a2f55b144e6784e0
- name: golang.org/x/crypto
  version: f3241ce8505855877cc8a9717bd61a0f7c4ea83c
  subpackages:
  - ssh
  - ssh/terminal
- name: golang.org/x/sys
  version: e24f485414aeafb646f6fca458b0bf869c0880a1
  repo: https://go.googlesource.com/sys
  subpackages:
  - unix
- name: golang.org/x/text
  version: e3c902a8b2c4c420ce61514795e05b8e28a6364e
  subpackages:
  - transform
  - unicode/norm
- name: xi2.org/x/xz
  version: 19aeb13c4e7cb6bd3188dfede73840f33455425a
testImports: []
